{
  "requires": true,
  "lockfileVersion": 1,
  "dependencies": {
    "keypress": {
      "version": "0.2.1",
      "resolved": "https://registry.npmjs.org/keypress/-/keypress-0.2.1.tgz",
      "integrity": "sha1-HoBFQlABjbrUw/6USX1uZ7YmnHc="
    },
    "nan": {
      "version": "2.12.1",
      "resolved": "https://registry.npmjs.org/nan/-/nan-2.12.1.tgz",
      "integrity": "sha512-JY7V6lRkStKcKTvHO5NVSQRv+RV+FIL5pvDoLiAtSL9pKlC5x9PKQcZDsq7m4FO4d57mkhC6Z+QhAh3Jdk5JFw=="
    },
    "osx-keylogger": {
      "version": "1.0.1",
      "resolved": "https://registry.npmjs.org/osx-keylogger/-/osx-keylogger-1.0.1.tgz",
      "integrity": "sha512-jyr4oRAmCs23F9WRaq3sFj27MYdKwtFjjI1V9IY/MtI3RlyZOxmTDfXkCmVbl7w7yMHphZLvzlLXP5yLE+8eaw==",
      "requires": {
        "keypress": "^0.2.1",
        "nan": "^2.6.2"
      }
    }
  }
}
